// !$*UTF8*$!
{
	archiveVersion = 1;
	classes = {
	};
	objectVersion = 48;
	objects = {

/* Begin PBXBuildFile section */
		CF446B201FA00AB200EFAFCE /* MyFavoriteViewCell.swift in Sources */ = {isa = PBXBuildFile; fileRef = CF446B1F1FA00AB200EFAFCE /* MyFavoriteViewCell.swift */; };
		CF446B261FA00F9000EFAFCE /* PhotoStore.swift in Sources */ = {isa = PBXBuildFile; fileRef = CF446B251FA00F9000EFAFCE /* PhotoStore.swift */; };
		CF446B291FA010CF00EFAFCE /* ContentfulClient.swift in Sources */ = {isa = PBXBuildFile; fileRef = CF446B281FA010CF00EFAFCE /* ContentfulClient.swift */; };
		CF446B2A1FA10C5000EFAFCE /* PhotoDataSource.swift in Sources */ = {isa = PBXBuildFile; fileRef = CF446B231FA00E9700EFAFCE /* PhotoDataSource.swift */; };
		CF6CE27D1F9FF24600164ED6 /* MyFavoriteVC.swift in Sources */ = {isa = PBXBuildFile; fileRef = CF6CE27C1F9FF24600164ED6 /* MyFavoriteVC.swift */; };
		CF6CE27F1F9FF26800164ED6 /* LoginVC.swift in Sources */ = {isa = PBXBuildFile; fileRef = CF6CE27E1F9FF26800164ED6 /* LoginVC.swift */; };
		CF6CE2811F9FF28700164ED6 /* MyFavoriteDetailVC.swift in Sources */ = {isa = PBXBuildFile; fileRef = CF6CE2801F9FF28700164ED6 /* MyFavoriteDetailVC.swift */; };
		CF6CE2831F9FF2BF00164ED6 /* BeaconDetailVC.swift in Sources */ = {isa = PBXBuildFile; fileRef = CF6CE2821F9FF2BF00164ED6 /* BeaconDetailVC.swift */; };
		CF8FCB141F90685A008CEE21 /* AppDelegate.swift in Sources */ = {isa = PBXBuildFile; fileRef = CF8FCB131F90685A008CEE21 /* AppDelegate.swift */; };
		CF8FCB161F90685A008CEE21 /* MyLocationVC.swift in Sources */ = {isa = PBXBuildFile; fileRef = CF8FCB151F90685A008CEE21 /* MyLocationVC.swift */; };
		CF8FCB191F90685A008CEE21 /* Main.storyboard in Resources */ = {isa = PBXBuildFile; fileRef = CF8FCB171F90685A008CEE21 /* Main.storyboard */; };
		CF8FCB1C1F90685A008CEE21 /* BLE_Notification.xcdatamodeld in Sources */ = {isa = PBXBuildFile; fileRef = CF8FCB1A1F90685A008CEE21 /* BLE_Notification.xcdatamodeld */; };
		CF8FCB1E1F90685A008CEE21 /* Assets.xcassets in Resources */ = {isa = PBXBuildFile; fileRef = CF8FCB1D1F90685A008CEE21 /* Assets.xcassets */; };
		CF8FCB211F90685A008CEE21 /* LaunchScreen.storyboard in Resources */ = {isa = PBXBuildFile; fileRef = CF8FCB1F1F90685A008CEE21 /* LaunchScreen.storyboard */; };
/* End PBXBuildFile section */

/* Begin PBXFileReference section */
		CF446B1D1FA0097200EFAFCE /* Default-568h@2x.png */ = {isa = PBXFileReference; lastKnownFileType = image.png; path = "Default-568h@2x.png"; sourceTree = "<group>"; };
		CF446B1F1FA00AB200EFAFCE /* MyFavoriteViewCell.swift */ = {isa = PBXFileReference; lastKnownFileType = sourcecode.swift; path = MyFavoriteViewCell.swift; sourceTree = "<group>"; };
		CF446B231FA00E9700EFAFCE /* PhotoDataSource.swift */ = {isa = PBXFileReference; lastKnownFileType = sourcecode.swift; path = PhotoDataSource.swift; sourceTree = "<group>"; };
		CF446B251FA00F9000EFAFCE /* PhotoStore.swift */ = {isa = PBXFileReference; lastKnownFileType = sourcecode.swift; path = PhotoStore.swift; sourceTree = "<group>"; };
		CF446B281FA010CF00EFAFCE /* ContentfulClient.swift */ = {isa = PBXFileReference; lastKnownFileType = sourcecode.swift; path = ContentfulClient.swift; sourceTree = "<group>"; };
		CF6CE27C1F9FF24600164ED6 /* MyFavoriteVC.swift */ = {isa = PBXFileReference; lastKnownFileType = sourcecode.swift; path = MyFavoriteVC.swift; sourceTree = "<group>"; };
		CF6CE27E1F9FF26800164ED6 /* LoginVC.swift */ = {isa = PBXFileReference; lastKnownFileType = sourcecode.swift; path = LoginVC.swift; sourceTree = "<group>"; };
		CF6CE2801F9FF28700164ED6 /* MyFavoriteDetailVC.swift */ = {isa = PBXFileReference; lastKnownFileType = sourcecode.swift; path = MyFavoriteDetailVC.swift; sourceTree = "<group>"; };
		CF6CE2821F9FF2BF00164ED6 /* BeaconDetailVC.swift */ = {isa = PBXFileReference; lastKnownFileType = sourcecode.swift; path = BeaconDetailVC.swift; sourceTree = "<group>"; };
		CF8FCB101F90685A008CEE21 /* BLE_Notification.app */ = {isa = PBXFileReference; explicitFileType = wrapper.application; includeInIndex = 0; path = BLE_Notification.app; sourceTree = BUILT_PRODUCTS_DIR; };
		CF8FCB131F90685A008CEE21 /* AppDelegate.swift */ = {isa = PBXFileReference; lastKnownFileType = sourcecode.swift; path = AppDelegate.swift; sourceTree = "<group>"; };
		CF8FCB151F90685A008CEE21 /* MyLocationVC.swift */ = {isa = PBXFileReference; lastKnownFileType = sourcecode.swift; path = MyLocationVC.swift; sourceTree = "<group>"; };
		CF8FCB181F90685A008CEE21 /* Base */ = {isa = PBXFileReference; lastKnownFileType = file.storyboard; name = Base; path = Base.lproj/Main.storyboard; sourceTree = "<group>"; };
		CF8FCB1B1F90685A008CEE21 /* BLE_Notification.xcdatamodel */ = {isa = PBXFileReference; lastKnownFileType = wrapper.xcdatamodel; path = BLE_Notification.xcdatamodel; sourceTree = "<group>"; };
		CF8FCB1D1F90685A008CEE21 /* Assets.xcassets */ = {isa = PBXFileReference; lastKnownFileType = folder.assetcatalog; path = Assets.xcassets; sourceTree = "<group>"; };
		CF8FCB201F90685A008CEE21 /* Base */ = {isa = PBXFileReference; lastKnownFileType = file.storyboard; name = Base; path = Base.lproj/LaunchScreen.storyboard; sourceTree = "<group>"; };
		CF8FCB221F90685A008CEE21 /* Info.plist */ = {isa = PBXFileReference; lastKnownFileType = text.plist.xml; path = Info.plist; sourceTree = "<group>"; };
/* End PBXFileReference section */

/* Begin PBXFrameworksBuildPhase section */
		CF8FCB0D1F90685A008CEE21 /* Frameworks */ = {
			isa = PBXFrameworksBuildPhase;
			buildActionMask = 2147483647;
			files = (
			);
			runOnlyForDeploymentPostprocessing = 0;
		};
/* End PBXFrameworksBuildPhase section */

/* Begin PBXGroup section */
		CF446B271FA0109C00EFAFCE /* Contenful */ = {
			isa = PBXGroup;
			children = (
				CF446B281FA010CF00EFAFCE /* ContentfulClient.swift */,
			);
			path = Contenful;
			sourceTree = "<group>";
		};
		CF446B2B1FA10D6900EFAFCE /* Supporting Files */ = {
			isa = PBXGroup;
			children = (
				CF8FCB221F90685A008CEE21 /* Info.plist */,
			);
			path = "Supporting Files";
			sourceTree = "<group>";
		};
		CF6CE2791F9FF1B800164ED6 /* Controllers */ = {
			isa = PBXGroup;
			children = (
				CF8FCB151F90685A008CEE21 /* MyLocationVC.swift */,
				CF6CE2821F9FF2BF00164ED6 /* BeaconDetailVC.swift */,
				CF6CE27C1F9FF24600164ED6 /* MyFavoriteVC.swift */,
				CF446B1F1FA00AB200EFAFCE /* MyFavoriteViewCell.swift */,
				CF6CE2801F9FF28700164ED6 /* MyFavoriteDetailVC.swift */,
				CF6CE27E1F9FF26800164ED6 /* LoginVC.swift */,
			);
			path = Controllers;
			sourceTree = "<group>";
		};
		CF6CE27A1F9FF1CF00164ED6 /* Assets */ = {
			isa = PBXGroup;
			children = (
				CF8FCB171F90685A008CEE21 /* Main.storyboard */,
				CF8FCB1F1F90685A008CEE21 /* LaunchScreen.storyboard */,
				CF8FCB1D1F90685A008CEE21 /* Assets.xcassets */,
			);
			path = Assets;
			sourceTree = "<group>";
		};
		CF6CE27B1F9FF1F200164ED6 /* Model */ = {
			isa = PBXGroup;
			children = (
				CF446B271FA0109C00EFAFCE /* Contenful */,
				CF8FCB1A1F90685A008CEE21 /* BLE_Notification.xcdatamodeld */,
				CF446B231FA00E9700EFAFCE /* PhotoDataSource.swift */,
				CF446B251FA00F9000EFAFCE /* PhotoStore.swift */,
			);
			path = Model;
			sourceTree = "<group>";
		};
		CF8FCB071F90685A008CEE21 = {
			isa = PBXGroup;
			children = (
				CF446B1D1FA0097200EFAFCE /* Default-568h@2x.png */,
				CF8FCB121F90685A008CEE21 /* BLE_Notification */,
				CF8FCB111F90685A008CEE21 /* Products */,
			);
			sourceTree = "<group>";
		};
		CF8FCB111F90685A008CEE21 /* Products */ = {
			isa = PBXGroup;
			children = (
				CF8FCB101F90685A008CEE21 /* BLE_Notification.app */,
			);
			name = Products;
			sourceTree = "<group>";
		};
		CF8FCB121F90685A008CEE21 /* BLE_Notification */ = {
			isa = PBXGroup;
			children = (
				CF8FCB131F90685A008CEE21 /* AppDelegate.swift */,
				CF6CE27B1F9FF1F200164ED6 /* Model */,
				CF6CE2791F9FF1B800164ED6 /* Controllers */,
				CF6CE27A1F9FF1CF00164ED6 /* Assets */,
				CF446B2B1FA10D6900EFAFCE /* Supporting Files */,
			);
			path = BLE_Notification;
			sourceTree = "<group>";
		};
/* End PBXGroup section */

/* Begin PBXNativeTarget section */
		CF8FCB0F1F90685A008CEE21 /* BLE_Notification */ = {
			isa = PBXNativeTarget;
			buildConfigurationList = CF8FCB251F90685A008CEE21 /* Build configuration list for PBXNativeTarget "BLE_Notification" */;
			buildPhases = (
				CF8FCB0C1F90685A008CEE21 /* Sources */,
				CF8FCB0D1F90685A008CEE21 /* Frameworks */,
				CF8FCB0E1F90685A008CEE21 /* Resources */,
			);
			buildRules = (
			);
			dependencies = (
			);
			name = BLE_Notification;
			productName = BLE_Notification;
			productReference = CF8FCB101F90685A008CEE21 /* BLE_Notification.app */;
			productType = "com.apple.product-type.application";
		};
/* End PBXNativeTarget section */

/* Begin PBXProject section */
		CF8FCB081F90685A008CEE21 /* Project object */ = {
			isa = PBXProject;
			attributes = {
				LastSwiftUpdateCheck = 0900;
				LastUpgradeCheck = 0900;
				ORGANIZATIONNAME = YTK;
				TargetAttributes = {
					CF8FCB0F1F90685A008CEE21 = {
						CreatedOnToolsVersion = 9.0;
						ProvisioningStyle = Automatic;
					};
				};
			};
			buildConfigurationList = CF8FCB0B1F90685A008CEE21 /* Build configuration list for PBXProject "BLE_Notification" */;
			compatibilityVersion = "Xcode 8.0";
			developmentRegion = en;
			hasScannedForEncodings = 0;
			knownRegions = (
				en,
				Base,
			);
			mainGroup = CF8FCB071F90685A008CEE21;
			productRefGroup = CF8FCB111F90685A008CEE21 /* Products */;
			projectDirPath = "";
			projectRoot = "";
			targets = (
				CF8FCB0F1F90685A008CEE21 /* BLE_Notification */,
			);
		};
/* End PBXProject section */

/* Begin PBXResourcesBuildPhase section */
		CF8FCB0E1F90685A008CEE21 /* Resources */ = {
			isa = PBXResourcesBuildPhase;
			buildActionMask = 2147483647;
			files = (
				CF8FCB211F90685A008CEE21 /* LaunchScreen.storyboard in Resources */,
				CF8FCB1E1F90685A008CEE21 /* Assets.xcassets in Resources */,
				CF8FCB191F90685A008CEE21 /* Main.storyboard in Resources */,
			);
			runOnlyForDeploymentPostprocessing = 0;
		};
/* End PBXResourcesBuildPhase section */

/* Begin PBXSourcesBuildPhase section */
		CF8FCB0C1F90685A008CEE21 /* Sources */ = {
			isa = PBXSourcesBuildPhase;
			buildActionMask = 2147483647;
			files = (
				CF446B261FA00F9000EFAFCE /* PhotoStore.swift in Sources */,
				CF6CE27D1F9FF24600164ED6 /* MyFavoriteVC.swift in Sources */,
				CF8FCB161F90685A008CEE21 /* MyLocationVC.swift in Sources */,
				CF8FCB1C1F90685A008CEE21 /* BLE_Notification.xcdatamodeld in Sources */,
				CF6CE2831F9FF2BF00164ED6 /* BeaconDetailVC.swift in Sources */,
				CF446B201FA00AB200EFAFCE /* MyFavoriteViewCell.swift in Sources */,
				CF8FCB141F90685A008CEE21 /* AppDelegate.swift in Sources */,
				CF446B2A1FA10C5000EFAFCE /* PhotoDataSource.swift in Sources */,
				CF446B291FA010CF00EFAFCE /* ContentfulClient.swift in Sources */,
				CF6CE27F1F9FF26800164ED6 /* LoginVC.swift in Sources */,
				CF6CE2811F9FF28700164ED6 /* MyFavoriteDetailVC.swift in Sources */,
			);
			runOnlyForDeploymentPostprocessing = 0;
		};
/* End PBXSourcesBuildPhase section */

/* Begin PBXVariantGroup section */
		CF8FCB171F90685A008CEE21 /* Main.storyboard */ = {
			isa = PBXVariantGroup;
			children = (
				CF8FCB181F90685A008CEE21 /* Base */,
			);
			name = Main.storyboard;
			sourceTree = "<group>";
		};
		CF8FCB1F1F90685A008CEE21 /* LaunchScreen.storyboard */ = {
			isa = PBXVariantGroup;
			children = (
				CF8FCB201F90685A008CEE21 /* Base */,
			);
			name = LaunchScreen.storyboard;
			sourceTree = "<group>";
		};
/* End PBXVariantGroup section */

/* Begin XCBuildConfiguration section */
		CF8FCB231F90685A008CEE21 /* Debug */ = {
			isa = XCBuildConfiguration;
			buildSettings = {
				ALWAYS_SEARCH_USER_PATHS = NO;
				CLANG_ANALYZER_NONNULL = YES;
				CLANG_ANALYZER_NUMBER_OBJECT_CONVERSION = YES_AGGRESSIVE;
				CLANG_CXX_LANGUAGE_STANDARD = "gnu++14";
				CLANG_CXX_LIBRARY = "libc++";
				CLANG_ENABLE_MODULES = YES;
				CLANG_ENABLE_OBJC_ARC = YES;
				CLANG_WARN_BLOCK_CAPTURE_AUTORELEASING = YES;
				CLANG_WARN_BOOL_CONVERSION = YES;
				CLANG_WARN_COMMA = YES;
				CLANG_WARN_CONSTANT_CONVERSION = YES;
				CLANG_WARN_DIRECT_OBJC_ISA_USAGE = YES_ERROR;
				CLANG_WARN_DOCUMENTATION_COMMENTS = YES;
				CLANG_WARN_EMPTY_BODY = YES;
				CLANG_WARN_ENUM_CONVERSION = YES;
				CLANG_WARN_INFINITE_RECURSION = YES;
				CLANG_WARN_INT_CONVERSION = YES;
				CLANG_WARN_NON_LITERAL_NULL_CONVERSION = YES;
				CLANG_WARN_OBJC_LITERAL_CONVERSION = YES;
				CLANG_WARN_OBJC_ROOT_CLASS = YES_ERROR;
				CLANG_WARN_RANGE_LOOP_ANALYSIS = YES;
				CLANG_WARN_STRICT_PROTOTYPES = YES;
				CLANG_WARN_SUSPICIOUS_MOVE = YES;
				CLANG_WARN_UNGUARDED_AVAILABILITY = YES_AGGRESSIVE;
				CLANG_WARN_UNREACHABLE_CODE = YES;
				CLANG_WARN__DUPLICATE_METHOD_MATCH = YES;
				CODE_SIGN_IDENTITY = "iPhone Developer";
				COPY_PHASE_STRIP = NO;
				DEBUG_INFORMATION_FORMAT = dwarf;
				ENABLE_STRICT_OBJC_MSGSEND = YES;
				ENABLE_TESTABILITY = YES;
				GCC_C_LANGUAGE_STANDARD = gnu11;
				GCC_DYNAMIC_NO_PIC = NO;
				GCC_NO_COMMON_BLOCKS = YES;
				GCC_OPTIMIZATION_LEVEL = 0;
				GCC_PREPROCESSOR_DEFINITIONS = (
					"DEBUG=1",
					"$(inherited)",
				);
				GCC_WARN_64_TO_32_BIT_CONVERSION = YES;
				GCC_WARN_ABOUT_RETURN_TYPE = YES_ERROR;
				GCC_WARN_UNDECLARED_SELECTOR = YES;
				GCC_WARN_UNINITIALIZED_AUTOS = YES_AGGRESSIVE;
				GCC_WARN_UNUSED_FUNCTION = YES;
				GCC_WARN_UNUSED_VARIABLE = YES;
				IPHONEOS_DEPLOYMENT_TARGET = 11.0;
				MTL_ENABLE_DEBUG_INFO = YES;
				ONLY_ACTIVE_ARCH = YES;
				SDKROOT = iphoneos;
				SWIFT_ACTIVE_COMPILATION_CONDITIONS = DEBUG;
				SWIFT_OPTIMIZATION_LEVEL = "-Onone";
			};
			name = Debug;
		};
		CF8FCB241F90685A008CEE21 /* Release */ = {
			isa = XCBuildConfiguration;
			buildSettings = {
				ALWAYS_SEARCH_USER_PATHS = NO;
				CLANG_ANALYZER_NONNULL = YES;
				CLANG_ANALYZER_NUMBER_OBJECT_CONVERSION = YES_AGGRESSIVE;
				CLANG_CXX_LANGUAGE_STANDARD = "gnu++14";
				CLANG_CXX_LIBRARY = "libc++";
				CLANG_ENABLE_MODULES = YES;
				CLANG_ENABLE_OBJC_ARC = YES;
				CLANG_WARN_BLOCK_CAPTURE_AUTORELEASING = YES;
				CLANG_WARN_BOOL_CONVERSION = YES;
				CLANG_WARN_COMMA = YES;
				CLANG_WARN_CONSTANT_CONVERSION = YES;
				CLANG_WARN_DIRECT_OBJC_ISA_USAGE = YES_ERROR;
				CLANG_WARN_DOCUMENTATION_COMMENTS = YES;
				CLANG_WARN_EMPTY_BODY = YES;
				CLANG_WARN_ENUM_CONVERSION = YES;
				CLANG_WARN_INFINITE_RECURSION = YES;
				CLANG_WARN_INT_CONVERSION = YES;
				CLANG_WARN_NON_LITERAL_NULL_CONVERSION = YES;
				CLANG_WARN_OBJC_LITERAL_CONVERSION = YES;
				CLANG_WARN_OBJC_ROOT_CLASS = YES_ERROR;
				CLANG_WARN_RANGE_LOOP_ANALYSIS = YES;
				CLANG_WARN_STRICT_PROTOTYPES = YES;
				CLANG_WARN_SUSPICIOUS_MOVE = YES;
				CLANG_WARN_UNGUARDED_AVAILABILITY = YES_AGGRESSIVE;
				CLANG_WARN_UNREACHABLE_CODE = YES;
				CLANG_WARN__DUPLICATE_METHOD_MATCH = YES;
				CODE_SIGN_IDENTITY = "iPhone Developer";
				COPY_PHASE_STRIP = NO;
				DEBUG_INFORMATION_FORMAT = "dwarf-with-dsym";
				ENABLE_NS_ASSERTIONS = NO;
				ENABLE_STRICT_OBJC_MSGSEND = YES;
				GCC_C_LANGUAGE_STANDARD = gnu11;
				GCC_NO_COMMON_BLOCKS = YES;
				GCC_WARN_64_TO_32_BIT_CONVERSION = YES;
				GCC_WARN_ABOUT_RETURN_TYPE = YES_ERROR;
				GCC_WARN_UNDECLARED_SELECTOR = YES;
				GCC_WARN_UNINITIALIZED_AUTOS = YES_AGGRESSIVE;
				GCC_WARN_UNUSED_FUNCTION = YES;
				GCC_WARN_UNUSED_VARIABLE = YES;
				IPHONEOS_DEPLOYMENT_TARGET = 11.0;
				MTL_ENABLE_DEBUG_INFO = NO;
				SDKROOT = iphoneos;
				SWIFT_OPTIMIZATION_LEVEL = "-Owholemodule";
				VALIDATE_PRODUCT = YES;
			};
			name = Release;
		};
		CF8FCB261F90685A008CEE21 /* Debug */ = {
			isa = XCBuildConfiguration;
			buildSettings = {
				ASSETCATALOG_COMPILER_APPICON_NAME = AppIcon;
				CODE_SIGN_STYLE = Automatic;
				DEVELOPMENT_TEAM = TVHJ8VSCRK;
				INFOPLIST_FILE = "$(SRCROOT)/BLE_Notification/Supporting Files/Info.plist";
				LD_RUNPATH_SEARCH_PATHS = "$(inherited) @executable_path/Frameworks";
				PRODUCT_BUNDLE_IDENTIFIER = "com.ytk.BLE-Notification";
				PRODUCT_NAME = "$(TARGET_NAME)";
				SWIFT_VERSION = 4.0;
				TARGETED_DEVICE_FAMILY = "1,2";
			};
			name = Debug;
		};
		CF8FCB271F90685A008CEE21 /* Release */ = {
			isa = XCBuildConfiguration;
			buildSettings = {
				ASSETCATALOG_COMPILER_APPICON_NAME = AppIcon;
				CODE_SIGN_STYLE = Automatic;
				DEVELOPMENT_TEAM = TVHJ8VSCRK;
				INFOPLIST_FILE = "$(SRCROOT)/BLE_Notification/Supporting Files/Info.plist";
				LD_RUNPATH_SEARCH_PATHS = "$(inherited) @executable_path/Frameworks";
				PRODUCT_BUNDLE_IDENTIFIER = "com.ytk.BLE-Notification";
				PRODUCT_NAME = "$(TARGET_NAME)";
				SWIFT_VERSION = 4.0;
				TARGETED_DEVICE_FAMILY = "1,2";
			};
			name = Release;
		};
/* End XCBuildConfiguration section */

/* Begin XCConfigurationList section */
		CF8FCB0B1F90685A008CEE21 /* Build configuration list for PBXProject "BLE_Notification" */ = {
			isa = XCConfigurationList;
			buildConfigurations = (
				CF8FCB231F90685A008CEE21 /* Debug */,
				CF8FCB241F90685A008CEE21 /* Release */,
			);
			defaultConfigurationIsVisible = 0;
			defaultConfigurationName = Release;
		};
		CF8FCB251F90685A008CEE21 /* Build configuration list for PBXNativeTarget "BLE_Notification" */ = {
			isa = XCConfigurationList;
			buildConfigurations = (
				CF8FCB261F90685A008CEE21 /* Debug */,
				CF8FCB271F90685A008CEE21 /* Release */,
			);
			defaultConfigurationIsVisible = 0;
			defaultConfigurationName = Release;
		};
/* End XCConfigurationList section */

/* Begin XCVersionGroup section */
		CF8FCB1A1F90685A008CEE21 /* BLE_Notification.xcdatamodeld */ = {
			isa = XCVersionGroup;
			children = (
				CF8FCB1B1F90685A008CEE21 /* BLE_Notification.xcdatamodel */,
			);
			currentVersion = CF8FCB1B1F90685A008CEE21 /* BLE_Notification.xcdatamodel */;
			path = BLE_Notification.xcdatamodeld;
			sourceTree = "<group>";
			versionGroupType = wrapper.xcdatamodel;
		};
/* End XCVersionGroup section */
	};
	rootObject = CF8FCB081F90685A008CEE21 /* Project object */;
}
